// !$*UTF8*$!
{
	archiveVersion = 1;
	classes = {
	};
	objectVersion = 46;
	objects = {

/* Begin PBXBuildFile section */
		1920699FD9A18CA34CA53C23 /* Pods_sampleUITests.framework in Frameworks */ = {isa = PBXBuildFile; fileRef = 8AE606CCC0A43B2D17665609 /* Pods_sampleUITests.framework */; };
		1BD620E90E37C3053ADE79E1 /* Pods_sample.framework in Frameworks */ = {isa = PBXBuildFile; fileRef = D71B1AE4E4CF484690BF81B2 /* Pods_sample.framework */; };
		596E6C991E9A14E0000A8852 /* AppDelegate.swift in Sources */ = {isa = PBXBuildFile; fileRef = 596E6C981E9A14E0000A8852 /* AppDelegate.swift */; };
		596E6C9B1E9A14E0000A8852 /* ViewController.swift in Sources */ = {isa = PBXBuildFile; fileRef = 596E6C9A1E9A14E0000A8852 /* ViewController.swift */; };
		596E6C9E1E9A14E0000A8852 /* Main.storyboard in Resources */ = {isa = PBXBuildFile; fileRef = 596E6C9C1E9A14E0000A8852 /* Main.storyboard */; };
		596E6CA01E9A14E0000A8852 /* Assets.xcassets in Resources */ = {isa = PBXBuildFile; fileRef = 596E6C9F1E9A14E0000A8852 /* Assets.xcassets */; };
		596E6CA31E9A14E0000A8852 /* LaunchScreen.storyboard in Resources */ = {isa = PBXBuildFile; fileRef = 596E6CA11E9A14E0000A8852 /* LaunchScreen.storyboard */; };
		596E6CAE1E9A14E0000A8852 /* sampleTests.swift in Sources */ = {isa = PBXBuildFile; fileRef = 596E6CAD1E9A14E0000A8852 /* sampleTests.swift */; };
		596E6CB91E9A14E0000A8852 /* sampleUITests.swift in Sources */ = {isa = PBXBuildFile; fileRef = 596E6CB81E9A14E0000A8852 /* sampleUITests.swift */; };
		596E6CC71E9A95CD000A8852 /* SampleImageViewController.swift in Sources */ = {isa = PBXBuildFile; fileRef = 596E6CC61E9A95CD000A8852 /* SampleImageViewController.swift */; };
		59B64CCF1E9B015900800D49 /* IllustTableViewController.swift in Sources */ = {isa = PBXBuildFile; fileRef = 59B64CCE1E9B015900800D49 /* IllustTableViewController.swift */; };
		59E71CAD1E9B487900B65B69 /* IllustCell.swift in Sources */ = {isa = PBXBuildFile; fileRef = 59E71CAC1E9B487900B65B69 /* IllustCell.swift */; };
		F17906BE5D9FAEED5CBF2287 /* Pods_sampleTests.framework in Frameworks */ = {isa = PBXBuildFile; fileRef = EA2AB8F9D907FD17D2D81A6F /* Pods_sampleTests.framework */; };
/* End PBXBuildFile section */

/* Begin PBXContainerItemProxy section */
		596E6CAA1E9A14E0000A8852 /* PBXContainerItemProxy */ = {
			isa = PBXContainerItemProxy;
			containerPortal = 596E6C8D1E9A14E0000A8852 /* Project object */;
			proxyType = 1;
			remoteGlobalIDString = 596E6C941E9A14E0000A8852;
			remoteInfo = sample;
		};
		596E6CB51E9A14E0000A8852 /* PBXContainerItemProxy */ = {
			isa = PBXContainerItemProxy;
			containerPortal = 596E6C8D1E9A14E0000A8852 /* Project object */;
			proxyType = 1;
			remoteGlobalIDString = 596E6C941E9A14E0000A8852;
			remoteInfo = sample;
		};
/* End PBXContainerItemProxy section */

/* Begin PBXFileReference section */
		4D5E01245368ADAB262810AD /* Pods-sampleTests.release.xcconfig */ = {isa = PBXFileReference; includeInIndex = 1; lastKnownFileType = text.xcconfig; name = "Pods-sampleTests.release.xcconfig"; path = "Pods/Target Support Files/Pods-sampleTests/Pods-sampleTests.release.xcconfig"; sourceTree = "<group>"; };
		596E6C951E9A14E0000A8852 /* sample.app */ = {isa = PBXFileReference; explicitFileType = wrapper.application; includeInIndex = 0; path = sample.app; sourceTree = BUILT_PRODUCTS_DIR; };
		596E6C981E9A14E0000A8852 /* AppDelegate.swift */ = {isa = PBXFileReference; lastKnownFileType = sourcecode.swift; path = AppDelegate.swift; sourceTree = "<group>"; };
		596E6C9A1E9A14E0000A8852 /* ViewController.swift */ = {isa = PBXFileReference; lastKnownFileType = sourcecode.swift; path = ViewController.swift; sourceTree = "<group>"; };
		596E6C9D1E9A14E0000A8852 /* Base */ = {isa = PBXFileReference; lastKnownFileType = file.storyboard; name = Base; path = Base.lproj/Main.storyboard; sourceTree = "<group>"; };
		596E6C9F1E9A14E0000A8852 /* Assets.xcassets */ = {isa = PBXFileReference; lastKnownFileType = folder.assetcatalog; path = Assets.xcassets; sourceTree = "<group>"; };
		596E6CA21E9A14E0000A8852 /* Base */ = {isa = PBXFileReference; lastKnownFileType = file.storyboard; name = Base; path = Base.lproj/LaunchScreen.storyboard; sourceTree = "<group>"; };
		596E6CA41E9A14E0000A8852 /* Info.plist */ = {isa = PBXFileReference; lastKnownFileType = text.plist.xml; path = Info.plist; sourceTree = "<group>"; };
		596E6CA91E9A14E0000A8852 /* sampleTests.xctest */ = {isa = PBXFileReference; explicitFileType = wrapper.cfbundle; includeInIndex = 0; path = sampleTests.xctest; sourceTree = BUILT_PRODUCTS_DIR; };
		596E6CAD1E9A14E0000A8852 /* sampleTests.swift */ = {isa = PBXFileReference; lastKnownFileType = sourcecode.swift; path = sampleTests.swift; sourceTree = "<group>"; };
		596E6CAF1E9A14E0000A8852 /* Info.plist */ = {isa = PBXFileReference; lastKnownFileType = text.plist.xml; path = Info.plist; sourceTree = "<group>"; };
		596E6CB41E9A14E0000A8852 /* sampleUITests.xctest */ = {isa = PBXFileReference; explicitFileType = wrapper.cfbundle; includeInIndex = 0; path = sampleUITests.xctest; sourceTree = BUILT_PRODUCTS_DIR; };
		596E6CB81E9A14E0000A8852 /* sampleUITests.swift */ = {isa = PBXFileReference; lastKnownFileType = sourcecode.swift; path = sampleUITests.swift; sourceTree = "<group>"; };
		596E6CBA1E9A14E0000A8852 /* Info.plist */ = {isa = PBXFileReference; lastKnownFileType = text.plist.xml; path = Info.plist; sourceTree = "<group>"; };
		596E6CC61E9A95CD000A8852 /* SampleImageViewController.swift */ = {isa = PBXFileReference; fileEncoding = 4; lastKnownFileType = sourcecode.swift; path = SampleImageViewController.swift; sourceTree = "<group>"; };
		59B64CCE1E9B015900800D49 /* IllustTableViewController.swift */ = {isa = PBXFileReference; fileEncoding = 4; lastKnownFileType = sourcecode.swift; path = IllustTableViewController.swift; sourceTree = "<group>"; };
		59E71CAC1E9B487900B65B69 /* IllustCell.swift */ = {isa = PBXFileReference; fileEncoding = 4; lastKnownFileType = sourcecode.swift; path = IllustCell.swift; sourceTree = "<group>"; };
		6B26C9D9B78344DCDE25E74B /* Pods-sample.release.xcconfig */ = {isa = PBXFileReference; includeInIndex = 1; lastKnownFileType = text.xcconfig; name = "Pods-sample.release.xcconfig"; path = "Pods/Target Support Files/Pods-sample/Pods-sample.release.xcconfig"; sourceTree = "<group>"; };
		8AE606CCC0A43B2D17665609 /* Pods_sampleUITests.framework */ = {isa = PBXFileReference; explicitFileType = wrapper.framework; includeInIndex = 0; path = Pods_sampleUITests.framework; sourceTree = BUILT_PRODUCTS_DIR; };
		9B97A73C5D555D6AB3839D0B /* Pods-sample.debug.xcconfig */ = {isa = PBXFileReference; includeInIndex = 1; lastKnownFileType = text.xcconfig; name = "Pods-sample.debug.xcconfig"; path = "Pods/Target Support Files/Pods-sample/Pods-sample.debug.xcconfig"; sourceTree = "<group>"; };
		BD73DADE523BAD12A13B6CFC /* Pods-sampleUITests.debug.xcconfig */ = {isa = PBXFileReference; includeInIndex = 1; lastKnownFileType = text.xcconfig; name = "Pods-sampleUITests.debug.xcconfig"; path = "Pods/Target Support Files/Pods-sampleUITests/Pods-sampleUITests.debug.xcconfig"; sourceTree = "<group>"; };
		D71B1AE4E4CF484690BF81B2 /* Pods_sample.framework */ = {isa = PBXFileReference; explicitFileType = wrapper.framework; includeInIndex = 0; path = Pods_sample.framework; sourceTree = BUILT_PRODUCTS_DIR; };
		DAF63DB59F4D8AEA827D8E20 /* Pods-sampleUITests.release.xcconfig */ = {isa = PBXFileReference; includeInIndex = 1; lastKnownFileType = text.xcconfig; name = "Pods-sampleUITests.release.xcconfig"; path = "Pods/Target Support Files/Pods-sampleUITests/Pods-sampleUITests.release.xcconfig"; sourceTree = "<group>"; };
		EA2AB8F9D907FD17D2D81A6F /* Pods_sampleTests.framework */ = {isa = PBXFileReference; explicitFileType = wrapper.framework; includeInIndex = 0; path = Pods_sampleTests.framework; sourceTree = BUILT_PRODUCTS_DIR; };
		EC2B55A351B5C5D04C8CF059 /* Pods-sampleTests.debug.xcconfig */ = {isa = PBXFileReference; includeInIndex = 1; lastKnownFileType = text.xcconfig; name = "Pods-sampleTests.debug.xcconfig"; path = "Pods/Target Support Files/Pods-sampleTests/Pods-sampleTests.debug.xcconfig"; sourceTree = "<group>"; };
/* End PBXFileReference section */

/* Begin PBXFrameworksBuildPhase section */
		596E6C921E9A14E0000A8852 /* Frameworks */ = {
			isa = PBXFrameworksBuildPhase;
			buildActionMask = 2147483647;
			files = (
				1BD620E90E37C3053ADE79E1 /* Pods_sample.framework in Frameworks */,
			);
			runOnlyForDeploymentPostprocessing = 0;
		};
		596E6CA61E9A14E0000A8852 /* Frameworks */ = {
			isa = PBXFrameworksBuildPhase;
			buildActionMask = 2147483647;
			files = (
				F17906BE5D9FAEED5CBF2287 /* Pods_sampleTests.framework in Frameworks */,
			);
			runOnlyForDeploymentPostprocessing = 0;
		};
		596E6CB11E9A14E0000A8852 /* Frameworks */ = {
			isa = PBXFrameworksBuildPhase;
			buildActionMask = 2147483647;
			files = (
				1920699FD9A18CA34CA53C23 /* Pods_sampleUITests.framework in Frameworks */,
			);
			runOnlyForDeploymentPostprocessing = 0;
		};
/* End PBXFrameworksBuildPhase section */

/* Begin PBXGroup section */
		596E6C8C1E9A14E0000A8852 = {
			isa = PBXGroup;
			children = (
				596E6C971E9A14E0000A8852 /* sample */,
				596E6CAC1E9A14E0000A8852 /* sampleTests */,
				596E6CB71E9A14E0000A8852 /* sampleUITests */,
				596E6C961E9A14E0000A8852 /* Products */,
				A81298651B22D1476A5F15C3 /* Pods */,
				AC7C16C16A061FAD4BEF12B5 /* Frameworks */,
			);
			sourceTree = "<group>";
		};
		596E6C961E9A14E0000A8852 /* Products */ = {
			isa = PBXGroup;
			children = (
				596E6C951E9A14E0000A8852 /* sample.app */,
				596E6CA91E9A14E0000A8852 /* sampleTests.xctest */,
				596E6CB41E9A14E0000A8852 /* sampleUITests.xctest */,
			);
			name = Products;
			sourceTree = "<group>";
		};
		596E6C971E9A14E0000A8852 /* sample */ = {
			isa = PBXGroup;
			children = (
				596E6C981E9A14E0000A8852 /* AppDelegate.swift */,
				596E6C9A1E9A14E0000A8852 /* ViewController.swift */,
				596E6C9C1E9A14E0000A8852 /* Main.storyboard */,
				596E6C9F1E9A14E0000A8852 /* Assets.xcassets */,
				596E6CA11E9A14E0000A8852 /* LaunchScreen.storyboard */,
				596E6CA41E9A14E0000A8852 /* Info.plist */,
				596E6CC61E9A95CD000A8852 /* SampleImageViewController.swift */,
				59B64CCE1E9B015900800D49 /* IllustTableViewController.swift */,
				59E71CAC1E9B487900B65B69 /* IllustCell.swift */,
			);
			path = sample;
			sourceTree = "<group>";
		};
		596E6CAC1E9A14E0000A8852 /* sampleTests */ = {
			isa = PBXGroup;
			children = (
				596E6CAD1E9A14E0000A8852 /* sampleTests.swift */,
				596E6CAF1E9A14E0000A8852 /* Info.plist */,
			);
			path = sampleTests;
			sourceTree = "<group>";
		};
		596E6CB71E9A14E0000A8852 /* sampleUITests */ = {
			isa = PBXGroup;
			children = (
				596E6CB81E9A14E0000A8852 /* sampleUITests.swift */,
				596E6CBA1E9A14E0000A8852 /* Info.plist */,
			);
			path = sampleUITests;
			sourceTree = "<group>";
		};
		A81298651B22D1476A5F15C3 /* Pods */ = {
			isa = PBXGroup;
			children = (
				9B97A73C5D555D6AB3839D0B /* Pods-sample.debug.xcconfig */,
				6B26C9D9B78344DCDE25E74B /* Pods-sample.release.xcconfig */,
				EC2B55A351B5C5D04C8CF059 /* Pods-sampleTests.debug.xcconfig */,
				4D5E01245368ADAB262810AD /* Pods-sampleTests.release.xcconfig */,
				BD73DADE523BAD12A13B6CFC /* Pods-sampleUITests.debug.xcconfig */,
				DAF63DB59F4D8AEA827D8E20 /* Pods-sampleUITests.release.xcconfig */,
			);
			name = Pods;
			sourceTree = "<group>";
		};
		AC7C16C16A061FAD4BEF12B5 /* Frameworks */ = {
			isa = PBXGroup;
			children = (
				D71B1AE4E4CF484690BF81B2 /* Pods_sample.framework */,
				EA2AB8F9D907FD17D2D81A6F /* Pods_sampleTests.framework */,
				8AE606CCC0A43B2D17665609 /* Pods_sampleUITests.framework */,
			);
			name = Frameworks;
			sourceTree = "<group>";
		};
/* End PBXGroup section */

/* Begin PBXNativeTarget section */
		596E6C941E9A14E0000A8852 /* sample */ = {
			isa = PBXNativeTarget;
			buildConfigurationList = 596E6CBD1E9A14E0000A8852 /* Build configuration list for PBXNativeTarget "sample" */;
			buildPhases = (
				663781681893883B61D1A88A /* [CP] Check Pods Manifest.lock */,
				596E6C911E9A14E0000A8852 /* Sources */,
				596E6C921E9A14E0000A8852 /* Frameworks */,
				596E6C931E9A14E0000A8852 /* Resources */,
				922C48655C6AE3BDE5DBF161 /* [CP] Embed Pods Frameworks */,
				5D7B0B1FB013D354296FCCBC /* [CP] Copy Pods Resources */,
			);
			buildRules = (
			);
			dependencies = (
			);
			name = sample;
			productName = sample;
			productReference = 596E6C951E9A14E0000A8852 /* sample.app */;
			productType = "com.apple.product-type.application";
		};
		596E6CA81E9A14E0000A8852 /* sampleTests */ = {
			isa = PBXNativeTarget;
			buildConfigurationList = 596E6CC01E9A14E0000A8852 /* Build configuration list for PBXNativeTarget "sampleTests" */;
			buildPhases = (
				7FF964E53856652E008A57DB /* [CP] Check Pods Manifest.lock */,
				596E6CA51E9A14E0000A8852 /* Sources */,
				596E6CA61E9A14E0000A8852 /* Frameworks */,
				596E6CA71E9A14E0000A8852 /* Resources */,
				C9B238C21AD734FD23747F45 /* [CP] Embed Pods Frameworks */,
				40723D8AA22CF52F498BAE5D /* [CP] Copy Pods Resources */,
			);
			buildRules = (
			);
			dependencies = (
				596E6CAB1E9A14E0000A8852 /* PBXTargetDependency */,
			);
			name = sampleTests;
			productName = sampleTests;
			productReference = 596E6CA91E9A14E0000A8852 /* sampleTests.xctest */;
			productType = "com.apple.product-type.bundle.unit-test";
		};
		596E6CB31E9A14E0000A8852 /* sampleUITests */ = {
			isa = PBXNativeTarget;
			buildConfigurationList = 596E6CC31E9A14E0000A8852 /* Build configuration list for PBXNativeTarget "sampleUITests" */;
			buildPhases = (
				3275EA12D348886210A00659 /* [CP] Check Pods Manifest.lock */,
				596E6CB01E9A14E0000A8852 /* Sources */,
				596E6CB11E9A14E0000A8852 /* Frameworks */,
				596E6CB21E9A14E0000A8852 /* Resources */,
				6523C1480736F5A4FD55FBD4 /* [CP] Embed Pods Frameworks */,
				50B67DA8C4AB245AD6B8CFBD /* [CP] Copy Pods Resources */,
			);
			buildRules = (
			);
			dependencies = (
				596E6CB61E9A14E0000A8852 /* PBXTargetDependency */,
			);
			name = sampleUITests;
			productName = sampleUITests;
			productReference = 596E6CB41E9A14E0000A8852 /* sampleUITests.xctest */;
			productType = "com.apple.product-type.bundle.ui-testing";
		};
/* End PBXNativeTarget section */

/* Begin PBXProject section */
		596E6C8D1E9A14E0000A8852 /* Project object */ = {
			isa = PBXProject;
			attributes = {
				LastSwiftUpdateCheck = 0830;
				LastUpgradeCheck = 0830;
				ORGANIZATIONNAME = "pixiv Inc.";
				TargetAttributes = {
					596E6C941E9A14E0000A8852 = {
						CreatedOnToolsVersion = 8.3.1;
						ProvisioningStyle = Automatic;
					};
					596E6CA81E9A14E0000A8852 = {
						CreatedOnToolsVersion = 8.3.1;
						ProvisioningStyle = Automatic;
						TestTargetID = 596E6C941E9A14E0000A8852;
					};
					596E6CB31E9A14E0000A8852 = {
						CreatedOnToolsVersion = 8.3.1;
						ProvisioningStyle = Automatic;
						TestTargetID = 596E6C941E9A14E0000A8852;
					};
				};
			};
			buildConfigurationList = 596E6C901E9A14E0000A8852 /* Build configuration list for PBXProject "sample" */;
			compatibilityVersion = "Xcode 3.2";
			developmentRegion = English;
			hasScannedForEncodings = 0;
			knownRegions = (
				en,
				Base,
			);
			mainGroup = 596E6C8C1E9A14E0000A8852;
			productRefGroup = 596E6C961E9A14E0000A8852 /* Products */;
			projectDirPath = "";
			projectRoot = "";
			targets = (
				596E6C941E9A14E0000A8852 /* sample */,
				596E6CA81E9A14E0000A8852 /* sampleTests */,
				596E6CB31E9A14E0000A8852 /* sampleUITests */,
			);
		};
/* End PBXProject section */

/* Begin PBXResourcesBuildPhase section */
		596E6C931E9A14E0000A8852 /* Resources */ = {
			isa = PBXResourcesBuildPhase;
			buildActionMask = 2147483647;
			files = (
				596E6CA31E9A14E0000A8852 /* LaunchScreen.storyboard in Resources */,
				596E6CA01E9A14E0000A8852 /* Assets.xcassets in Resources */,
				596E6C9E1E9A14E0000A8852 /* Main.storyboard in Resources */,
			);
			runOnlyForDeploymentPostprocessing = 0;
		};
		596E6CA71E9A14E0000A8852 /* Resources */ = {
			isa = PBXResourcesBuildPhase;
			buildActionMask = 2147483647;
			files = (
			);
			runOnlyForDeploymentPostprocessing = 0;
		};
		596E6CB21E9A14E0000A8852 /* Resources */ = {
			isa = PBXResourcesBuildPhase;
			buildActionMask = 2147483647;
			files = (
			);
			runOnlyForDeploymentPostprocessing = 0;
		};
/* End PBXResourcesBuildPhase section */

/* Begin PBXShellScriptBuildPhase section */
		3275EA12D348886210A00659 /* [CP] Check Pods Manifest.lock */ = {
			isa = PBXShellScriptBuildPhase;
			buildActionMask = 2147483647;
			files = (
			);
			inputPaths = (
			);
			name = "[CP] Check Pods Manifest.lock";
			outputPaths = (
			);
			runOnlyForDeploymentPostprocessing = 0;
			shellPath = /bin/sh;
			shellScript = "diff \"${PODS_ROOT}/../Podfile.lock\" \"${PODS_ROOT}/Manifest.lock\" > /dev/null\nif [ $? != 0 ] ; then\n    # print error to STDERR\n    echo \"error: The sandbox is not in sync with the Podfile.lock. Run 'pod install' or update your CocoaPods installation.\" >&2\n    exit 1\nfi\n";
			showEnvVarsInLog = 0;
		};
		40723D8AA22CF52F498BAE5D /* [CP] Copy Pods Resources */ = {
			isa = PBXShellScriptBuildPhase;
			buildActionMask = 2147483647;
			files = (
			);
			inputPaths = (
			);
			name = "[CP] Copy Pods Resources";
			outputPaths = (
			);
			runOnlyForDeploymentPostprocessing = 0;
			shellPath = /bin/sh;
			shellScript = "\"${SRCROOT}/Pods/Target Support Files/Pods-sampleTests/Pods-sampleTests-resources.sh\"\n";
			showEnvVarsInLog = 0;
		};
		50B67DA8C4AB245AD6B8CFBD /* [CP] Copy Pods Resources */ = {
			isa = PBXShellScriptBuildPhase;
			buildActionMask = 2147483647;
			files = (
			);
			inputPaths = (
			);
			name = "[CP] Copy Pods Resources";
			outputPaths = (
			);
			runOnlyForDeploymentPostprocessing = 0;
			shellPath = /bin/sh;
			shellScript = "\"${SRCROOT}/Pods/Target Support Files/Pods-sampleUITests/Pods-sampleUITests-resources.sh\"\n";
			showEnvVarsInLog = 0;
		};
		5D7B0B1FB013D354296FCCBC /* [CP] Copy Pods Resources */ = {
			isa = PBXShellScriptBuildPhase;
			buildActionMask = 2147483647;
			files = (
			);
			inputPaths = (
			);
			name = "[CP] Copy Pods Resources";
			outputPaths = (
			);
			runOnlyForDeploymentPostprocessing = 0;
			shellPath = /bin/sh;
			shellScript = "\"${SRCROOT}/Pods/Target Support Files/Pods-sample/Pods-sample-resources.sh\"\n";
			showEnvVarsInLog = 0;
		};
		6523C1480736F5A4FD55FBD4 /* [CP] Embed Pods Frameworks */ = {
			isa = PBXShellScriptBuildPhase;
			buildActionMask = 2147483647;
			files = (
			);
			inputPaths = (
			);
			name = "[CP] Embed Pods Frameworks";
			outputPaths = (
			);
			runOnlyForDeploymentPostprocessing = 0;
			shellPath = /bin/sh;
			shellScript = "\"${SRCROOT}/Pods/Target Support Files/Pods-sampleUITests/Pods-sampleUITests-frameworks.sh\"\n";
			showEnvVarsInLog = 0;
		};
		663781681893883B61D1A88A /* [CP] Check Pods Manifest.lock */ = {
			isa = PBXShellScriptBuildPhase;
			buildActionMask = 2147483647;
			files = (
			);
			inputPaths = (
			);
			name = "[CP] Check Pods Manifest.lock";
			outputPaths = (
			);
			runOnlyForDeploymentPostprocessing = 0;
			shellPath = /bin/sh;
			shellScript = "diff \"${PODS_ROOT}/../Podfile.lock\" \"${PODS_ROOT}/Manifest.lock\" > /dev/null\nif [ $? != 0 ] ; then\n    # print error to STDERR\n    echo \"error: The sandbox is not in sync with the Podfile.lock. Run 'pod install' or update your CocoaPods installation.\" >&2\n    exit 1\nfi\n";
			showEnvVarsInLog = 0;
		};
		7FF964E53856652E008A57DB /* [CP] Check Pods Manifest.lock */ = {
			isa = PBXShellScriptBuildPhase;
			buildActionMask = 2147483647;
			files = (
			);
			inputPaths = (
			);
			name = "[CP] Check Pods Manifest.lock";
			outputPaths = (
			);
			runOnlyForDeploymentPostprocessing = 0;
			shellPath = /bin/sh;
			shellScript = "diff \"${PODS_ROOT}/../Podfile.lock\" \"${PODS_ROOT}/Manifest.lock\" > /dev/null\nif [ $? != 0 ] ; then\n    # print error to STDERR\n    echo \"error: The sandbox is not in sync with the Podfile.lock. Run 'pod install' or update your CocoaPods installation.\" >&2\n    exit 1\nfi\n";
			showEnvVarsInLog = 0;
		};
		922C48655C6AE3BDE5DBF161 /* [CP] Embed Pods Frameworks */ = {
			isa = PBXShellScriptBuildPhase;
			buildActionMask = 2147483647;
			files = (
			);
			inputPaths = (
			);
			name = "[CP] Embed Pods Frameworks";
			outputPaths = (
			);
			runOnlyForDeploymentPostprocessing = 0;
			shellPath = /bin/sh;
			shellScript = "\"${SRCROOT}/Pods/Target Support Files/Pods-sample/Pods-sample-frameworks.sh\"\n";
			showEnvVarsInLog = 0;
		};
		C9B238C21AD734FD23747F45 /* [CP] Embed Pods Frameworks */ = {
			isa = PBXShellScriptBuildPhase;
			buildActionMask = 2147483647;
			files = (
			);
			inputPaths = (
			);
			name = "[CP] Embed Pods Frameworks";
			outputPaths = (
			);
			runOnlyForDeploymentPostprocessing = 0;
			shellPath = /bin/sh;
			shellScript = "\"${SRCROOT}/Pods/Target Support Files/Pods-sampleTests/Pods-sampleTests-frameworks.sh\"\n";
			showEnvVarsInLog = 0;
		};
/* End PBXShellScriptBuildPhase section */

/* Begin PBXSourcesBuildPhase section */
		596E6C911E9A14E0000A8852 /* Sources */ = {
			isa = PBXSourcesBuildPhase;
			buildActionMask = 2147483647;
			files = (
				596E6C9B1E9A14E0000A8852 /* ViewController.swift in Sources */,
				596E6C991E9A14E0000A8852 /* AppDelegate.swift in Sources */,
				59B64CCF1E9B015900800D49 /* IllustTableViewController.swift in Sources */,
				59E71CAD1E9B487900B65B69 /* IllustCell.swift in Sources */,
				596E6CC71E9A95CD000A8852 /* SampleImageViewController.swift in Sources */,
			);
			runOnlyForDeploymentPostprocessing = 0;
		};
		596E6CA51E9A14E0000A8852 /* Sources */ = {
			isa = PBXSourcesBuildPhase;
			buildActionMask = 2147483647;
			files = (
				596E6CAE1E9A14E0000A8852 /* sampleTests.swift in Sources */,
			);
			runOnlyForDeploymentPostprocessing = 0;
		};
		596E6CB01E9A14E0000A8852 /* Sources */ = {
			isa = PBXSourcesBuildPhase;
			buildActionMask = 2147483647;
			files = (
				596E6CB91E9A14E0000A8852 /* sampleUITests.swift in Sources */,
			);
			runOnlyForDeploymentPostprocessing = 0;
		};
/* End PBXSourcesBuildPhase section */

/* Begin PBXTargetDependency section */
		596E6CAB1E9A14E0000A8852 /* PBXTargetDependency */ = {
			isa = PBXTargetDependency;
			target = 596E6C941E9A14E0000A8852 /* sample */;
			targetProxy = 596E6CAA1E9A14E0000A8852 /* PBXContainerItemProxy */;
		};
		596E6CB61E9A14E0000A8852 /* PBXTargetDependency */ = {
			isa = PBXTargetDependency;
			target = 596E6C941E9A14E0000A8852 /* sample */;
			targetProxy = 596E6CB51E9A14E0000A8852 /* PBXContainerItemProxy */;
		};
/* End PBXTargetDependency section */

/* Begin PBXVariantGroup section */
		596E6C9C1E9A14E0000A8852 /* Main.storyboard */ = {
			isa = PBXVariantGroup;
			children = (
				596E6C9D1E9A14E0000A8852 /* Base */,
			);
			name = Main.storyboard;
			sourceTree = "<group>";
		};
		596E6CA11E9A14E0000A8852 /* LaunchScreen.storyboard */ = {
			isa = PBXVariantGroup;
			children = (
				596E6CA21E9A14E0000A8852 /* Base */,
			);
			name = LaunchScreen.storyboard;
			sourceTree = "<group>";
		};
/* End PBXVariantGroup section */

/* Begin XCBuildConfiguration section */
		596E6CBB1E9A14E0000A8852 /* Debug */ = {
			isa = XCBuildConfiguration;
			buildSettings = {
				ALWAYS_SEARCH_USER_PATHS = NO;
				CLANG_ANALYZER_NONNULL = YES;
				CLANG_ANALYZER_NUMBER_OBJECT_CONVERSION = YES_AGGRESSIVE;
				CLANG_CXX_LANGUAGE_STANDARD = "gnu++0x";
				CLANG_CXX_LIBRARY = "libc++";
				CLANG_ENABLE_MODULES = YES;
				CLANG_ENABLE_OBJC_ARC = YES;
				CLANG_WARN_BOOL_CONVERSION = YES;
				CLANG_WARN_CONSTANT_CONVERSION = YES;
				CLANG_WARN_DIRECT_OBJC_ISA_USAGE = YES_ERROR;
				CLANG_WARN_DOCUMENTATION_COMMENTS = YES;
				CLANG_WARN_EMPTY_BODY = YES;
				CLANG_WARN_ENUM_CONVERSION = YES;
				CLANG_WARN_INFINITE_RECURSION = YES;
				CLANG_WARN_INT_CONVERSION = YES;
				CLANG_WARN_OBJC_ROOT_CLASS = YES_ERROR;
				CLANG_WARN_SUSPICIOUS_MOVE = YES;
				CLANG_WARN_UNREACHABLE_CODE = YES;
				CLANG_WARN__DUPLICATE_METHOD_MATCH = YES;
				"CODE_SIGN_IDENTITY[sdk=iphoneos*]" = "iPhone Developer";
				COPY_PHASE_STRIP = NO;
				DEBUG_INFORMATION_FORMAT = dwarf;
				ENABLE_STRICT_OBJC_MSGSEND = YES;
				ENABLE_TESTABILITY = YES;
				GCC_C_LANGUAGE_STANDARD = gnu99;
				GCC_DYNAMIC_NO_PIC = NO;
				GCC_NO_COMMON_BLOCKS = YES;
				GCC_OPTIMIZATION_LEVEL = 0;
				GCC_PREPROCESSOR_DEFINITIONS = (
					"DEBUG=1",
					"$(inherited)",
				);
				GCC_WARN_64_TO_32_BIT_CONVERSION = YES;
				GCC_WARN_ABOUT_RETURN_TYPE = YES_ERROR;
				GCC_WARN_UNDECLARED_SELECTOR = YES;
				GCC_WARN_UNINITIALIZED_AUTOS = YES_AGGRESSIVE;
				GCC_WARN_UNUSED_FUNCTION = YES;
				GCC_WARN_UNUSED_VARIABLE = YES;
				IPHONEOS_DEPLOYMENT_TARGET = 10.3;
				MTL_ENABLE_DEBUG_INFO = YES;
				ONLY_ACTIVE_ARCH = YES;
				SDKROOT = iphoneos;
				SWIFT_ACTIVE_COMPILATION_CONDITIONS = DEBUG;
				SWIFT_OPTIMIZATION_LEVEL = "-Onone";
				TARGETED_DEVICE_FAMILY = "1,2";
			};
			name = Debug;
		};
		596E6CBC1E9A14E0000A8852 /* Release */ = {
			isa = XCBuildConfiguration;
			buildSettings = {
				ALWAYS_SEARCH_USER_PATHS = NO;
				CLANG_ANALYZER_NONNULL = YES;
				CLANG_ANALYZER_NUMBER_OBJECT_CONVERSION = YES_AGGRESSIVE;
				CLANG_CXX_LANGUAGE_STANDARD = "gnu++0x";
				CLANG_CXX_LIBRARY = "libc++";
				CLANG_ENABLE_MODULES = YES;
				CLANG_ENABLE_OBJC_ARC = YES;
				CLANG_WARN_BOOL_CONVERSION = YES;
				CLANG_WARN_CONSTANT_CONVERSION = YES;
				CLANG_WARN_DIRECT_OBJC_ISA_USAGE = YES_ERROR;
				CLANG_WARN_DOCUMENTATION_COMMENTS = YES;
				CLANG_WARN_EMPTY_BODY = YES;
				CLANG_WARN_ENUM_CONVERSION = YES;
				CLANG_WARN_INFINITE_RECURSION = YES;
				CLANG_WARN_INT_CONVERSION = YES;
				CLANG_WARN_OBJC_ROOT_CLASS = YES_ERROR;
				CLANG_WARN_SUSPICIOUS_MOVE = YES;
				CLANG_WARN_UNREACHABLE_CODE = YES;
				CLANG_WARN__DUPLICATE_METHOD_MATCH = YES;
				"CODE_SIGN_IDENTITY[sdk=iphoneos*]" = "iPhone Developer";
				COPY_PHASE_STRIP = NO;
				DEBUG_INFORMATION_FORMAT = "dwarf-with-dsym";
				ENABLE_NS_ASSERTIONS = NO;
				ENABLE_STRICT_OBJC_MSGSEND = YES;
				GCC_C_LANGUAGE_STANDARD = gnu99;
				GCC_NO_COMMON_BLOCKS = YES;
				GCC_WARN_64_TO_32_BIT_CONVERSION = YES;
				GCC_WARN_ABOUT_RETURN_TYPE = YES_ERROR;
				GCC_WARN_UNDECLARED_SELECTOR = YES;
				GCC_WARN_UNINITIALIZED_AUTOS = YES_AGGRESSIVE;
				GCC_WARN_UNUSED_FUNCTION = YES;
				GCC_WARN_UNUSED_VARIABLE = YES;
				IPHONEOS_DEPLOYMENT_TARGET = 10.3;
				MTL_ENABLE_DEBUG_INFO = NO;
				SDKROOT = iphoneos;
				SWIFT_OPTIMIZATION_LEVEL = "-Owholemodule";
				TARGETED_DEVICE_FAMILY = "1,2";
				VALIDATE_PRODUCT = YES;
			};
			name = Release;
		};
		596E6CBE1E9A14E0000A8852 /* Debug */ = {
			isa = XCBuildConfiguration;
			baseConfigurationReference = 9B97A73C5D555D6AB3839D0B /* Pods-sample.debug.xcconfig */;
			buildSettings = {
				ASSETCATALOG_COMPILER_APPICON_NAME = AppIcon;
				INFOPLIST_FILE = sample/Info.plist;
				LD_RUNPATH_SEARCH_PATHS = "$(inherited) @executable_path/Frameworks";
				PRODUCT_BUNDLE_IDENTIFIER = net.pixiv.sample;
				PRODUCT_NAME = "$(TARGET_NAME)";
				SWIFT_VERSION = 3.0;
			};
			name = Debug;
		};
		596E6CBF1E9A14E0000A8852 /* Release */ = {
			isa = XCBuildConfiguration;
			baseConfigurationReference = 6B26C9D9B78344DCDE25E74B /* Pods-sample.release.xcconfig */;
			buildSettings = {
				ASSETCATALOG_COMPILER_APPICON_NAME = AppIcon;
				INFOPLIST_FILE = sample/Info.plist;
				LD_RUNPATH_SEARCH_PATHS = "$(inherited) @executable_path/Frameworks";
				PRODUCT_BUNDLE_IDENTIFIER = net.pixiv.sample;
				PRODUCT_NAME = "$(TARGET_NAME)";
				SWIFT_VERSION = 3.0;
			};
			name = Release;
		};
		596E6CC11E9A14E0000A8852 /* Debug */ = {
			isa = XCBuildConfiguration;
			baseConfigurationReference = EC2B55A351B5C5D04C8CF059 /* Pods-sampleTests.debug.xcconfig */;
			buildSettings = {
				ALWAYS_EMBED_SWIFT_STANDARD_LIBRARIES = YES;
				BUNDLE_LOADER = "$(TEST_HOST)";
				INFOPLIST_FILE = sampleTests/Info.plist;
				LD_RUNPATH_SEARCH_PATHS = "$(inherited) @executable_path/Frameworks @loader_path/Frameworks";
				PRODUCT_BUNDLE_IDENTIFIER = net.pixiv.sampleTests;
				PRODUCT_NAME = "$(TARGET_NAME)";
				SWIFT_VERSION = 3.0;
				TEST_HOST = "$(BUILT_PRODUCTS_DIR)/sample.app/sample";
			};
			name = Debug;
		};
		596E6CC21E9A14E0000A8852 /* Release */ = {
			isa = XCBuildConfiguration;
			baseConfigurationReference = 4D5E01245368ADAB262810AD /* Pods-sampleTests.release.xcconfig */;
			buildSettings = {
				ALWAYS_EMBED_SWIFT_STANDARD_LIBRARIES = YES;
				BUNDLE_LOADER = "$(TEST_HOST)";
				INFOPLIST_FILE = sampleTests/Info.plist;
				LD_RUNPATH_SEARCH_PATHS = "$(inherited) @executable_path/Frameworks @loader_path/Frameworks";
				PRODUCT_BUNDLE_IDENTIFIER = net.pixiv.sampleTests;
				PRODUCT_NAME = "$(TARGET_NAME)";
				SWIFT_VERSION = 3.0;
				TEST_HOST = "$(BUILT_PRODUCTS_DIR)/sample.app/sample";
			};
			name = Release;
		};
		596E6CC41E9A14E0000A8852 /* Debug */ = {
			isa = XCBuildConfiguration;
			baseConfigurationReference = BD73DADE523BAD12A13B6CFC /* Pods-sampleUITests.debug.xcconfig */;
			buildSettings = {
				ALWAYS_EMBED_SWIFT_STANDARD_LIBRARIES = YES;
				INFOPLIST_FILE = sampleUITests/Info.plist;
				LD_RUNPATH_SEARCH_PATHS = "$(inherited) @executable_path/Frameworks @loader_path/Frameworks";
				PRODUCT_BUNDLE_IDENTIFIER = net.pixiv.sampleUITests;
				PRODUCT_NAME = "$(TARGET_NAME)";
				SWIFT_VERSION = 3.0;
				TEST_TARGET_NAME = sample;
			};
			name = Debug;
		};
		596E6CC51E9A14E0000A8852 /* Release */ = {
			isa = XCBuildConfiguration;
			baseConfigurationReference = DAF63DB59F4D8AEA827D8E20 /* Pods-sampleUITests.release.xcconfig */;
			buildSettings = {
				ALWAYS_EMBED_SWIFT_STANDARD_LIBRARIES = YES;
				INFOPLIST_FILE = sampleUITests/Info.plist;
				LD_RUNPATH_SEARCH_PATHS = "$(inherited) @executable_path/Frameworks @loader_path/Frameworks";
				PRODUCT_BUNDLE_IDENTIFIER = net.pixiv.sampleUITests;
				PRODUCT_NAME = "$(TARGET_NAME)";
				SWIFT_VERSION = 3.0;
				TEST_TARGET_NAME = sample;
			};
			name = Release;
		};
/* End XCBuildConfiguration section */

/* Begin XCConfigurationList section */
		596E6C901E9A14E0000A8852 /* Build configuration list for PBXProject "sample" */ = {
			isa = XCConfigurationList;
			buildConfigurations = (
				596E6CBB1E9A14E0000A8852 /* Debug */,
				596E6CBC1E9A14E0000A8852 /* Release */,
			);
			defaultConfigurationIsVisible = 0;
			defaultConfigurationName = Release;
		};
		596E6CBD1E9A14E0000A8852 /* Build configuration list for PBXNativeTarget "sample" */ = {
			isa = XCConfigurationList;
			buildConfigurations = (
				596E6CBE1E9A14E0000A8852 /* Debug */,
				596E6CBF1E9A14E0000A8852 /* Release */,
			);
			defaultConfigurationIsVisible = 0;
			defaultConfigurationName = Release;
		};
		596E6CC01E9A14E0000A8852 /* Build configuration list for PBXNativeTarget "sampleTests" */ = {
			isa = XCConfigurationList;
			buildConfigurations = (
				596E6CC11E9A14E0000A8852 /* Debug */,
				596E6CC21E9A14E0000A8852 /* Release */,
			);
			defaultConfigurationIsVisible = 0;
			defaultConfigurationName = Release;
		};
		596E6CC31E9A14E0000A8852 /* Build configuration list for PBXNativeTarget "sampleUITests" */ = {
			isa = XCConfigurationList;
			buildConfigurations = (
				596E6CC41E9A14E0000A8852 /* Debug */,
				596E6CC51E9A14E0000A8852 /* Release */,
			);
			defaultConfigurationIsVisible = 0;
			defaultConfigurationName = Release;
		};
/* End XCConfigurationList section */
	};
	rootObject = 596E6C8D1E9A14E0000A8852 /* Project object */;
}
